
Microsoft Visual Studio Solution File, Format Version 10.00
# Visual Studio 2008
Project("{8BC9CEB8-8B4A-11D0-8D11-00A0C91BC942}") = "Rei42", "Rei42\Rei42.vcproj", "{5FECFF7F-6472-459A-8269-4F4FB282B7BB}"
EndProject
Global
	GlobalSection(SolutionConfigurationPlatforms) = preSolution
		Debug|Win32 = Debug|Win32
		Release|Win32 = Release|Win32
	EndGlobalSection
	GlobalSection(ProjectConfigurationPlatforms) = postSolution
		{5FECFF7F-6472-459A-8269-4F4FB282B7BB}.Debug|Win32.ActiveCfg = Debug|Win32
		{5FECFF7F-6472-459A-8269-4F4FB282B7BB}.Debug|Win32.Build.0 = Debug|Win32
		{5FECFF7F-6472-459A-8269-4F4FB282B7BB}.Release|Win32.ActiveCfg = Release|Win32
		{5FECFF7F-6472-459A-8269-4F4FB282B7BB}.Release|Win32.Build.0 = Release|Win32
	EndGlobalSection
	GlobalSection(SolutionProperties) = preSolution
		HideSolutionNode = FALSE
	EndGlobalSection
EndGlobal
