
Microsoft Visual Studio Solution File, Format Version 10.00
# Visual Studio 2008
Project("{8BC9CEB8-8B4A-11D0-8D11-00A0C91BC942}") = "Rei35", "Rei35\Rei35.vcproj", "{D332A9BC-B391-4D70-919A-E971AE5BC116}"
EndProject
Global
	GlobalSection(SolutionConfigurationPlatforms) = preSolution
		Debug|Win32 = Debug|Win32
		Release|Win32 = Release|Win32
	EndGlobalSection
	GlobalSection(ProjectConfigurationPlatforms) = postSolution
		{D332A9BC-B391-4D70-919A-E971AE5BC116}.Debug|Win32.ActiveCfg = Debug|Win32
		{D332A9BC-B391-4D70-919A-E971AE5BC116}.Debug|Win32.Build.0 = Debug|Win32
		{D332A9BC-B391-4D70-919A-E971AE5BC116}.Release|Win32.ActiveCfg = Release|Win32
		{D332A9BC-B391-4D70-919A-E971AE5BC116}.Release|Win32.Build.0 = Release|Win32
	EndGlobalSection
	GlobalSection(SolutionProperties) = preSolution
		HideSolutionNode = FALSE
	EndGlobalSection
EndGlobal
