
Microsoft Visual Studio Solution File, Format Version 10.00
# Visual C++ Express 2008
Project("{8BC9CEB8-8B4A-11D0-8D11-00A0C91BC942}") = "Rei55", "Rei55\Rei55.vcproj", "{E01F427A-8F19-4179-9644-A824CB7CF3C8}"
EndProject
Global
	GlobalSection(SolutionConfigurationPlatforms) = preSolution
		Debug|Win32 = Debug|Win32
		Release|Win32 = Release|Win32
	EndGlobalSection
	GlobalSection(ProjectConfigurationPlatforms) = postSolution
		{E01F427A-8F19-4179-9644-A824CB7CF3C8}.Debug|Win32.ActiveCfg = Debug|Win32
		{E01F427A-8F19-4179-9644-A824CB7CF3C8}.Debug|Win32.Build.0 = Debug|Win32
		{E01F427A-8F19-4179-9644-A824CB7CF3C8}.Release|Win32.ActiveCfg = Release|Win32
		{E01F427A-8F19-4179-9644-A824CB7CF3C8}.Release|Win32.Build.0 = Release|Win32
	EndGlobalSection
	GlobalSection(SolutionProperties) = preSolution
		HideSolutionNode = FALSE
	EndGlobalSection
EndGlobal
