
Microsoft Visual Studio Solution File, Format Version 10.00
# Visual Studio 2008
Project("{8BC9CEB8-8B4A-11D0-8D11-00A0C91BC942}") = "Rei41", "Rei41\Rei41.vcproj", "{6BD584A1-D0DD-4971-8CD0-DB0F60F57EEE}"
EndProject
Global
	GlobalSection(SolutionConfigurationPlatforms) = preSolution
		Debug|Win32 = Debug|Win32
		Release|Win32 = Release|Win32
	EndGlobalSection
	GlobalSection(ProjectConfigurationPlatforms) = postSolution
		{6BD584A1-D0DD-4971-8CD0-DB0F60F57EEE}.Debug|Win32.ActiveCfg = Debug|Win32
		{6BD584A1-D0DD-4971-8CD0-DB0F60F57EEE}.Debug|Win32.Build.0 = Debug|Win32
		{6BD584A1-D0DD-4971-8CD0-DB0F60F57EEE}.Release|Win32.ActiveCfg = Release|Win32
		{6BD584A1-D0DD-4971-8CD0-DB0F60F57EEE}.Release|Win32.Build.0 = Release|Win32
	EndGlobalSection
	GlobalSection(SolutionProperties) = preSolution
		HideSolutionNode = FALSE
	EndGlobalSection
EndGlobal
