
Microsoft Visual Studio Solution File, Format Version 10.00
# Visual Studio 2008
Project("{8BC9CEB8-8B4A-11D0-8D11-00A0C91BC942}") = "Dr59", "Dr59\Dr59.vcproj", "{506A1355-9A0F-4D7F-A057-108436D80A52}"
EndProject
Global
	GlobalSection(SolutionConfigurationPlatforms) = preSolution
		Debug|Win32 = Debug|Win32
		Release|Win32 = Release|Win32
	EndGlobalSection
	GlobalSection(ProjectConfigurationPlatforms) = postSolution
		{506A1355-9A0F-4D7F-A057-108436D80A52}.Debug|Win32.ActiveCfg = Debug|Win32
		{506A1355-9A0F-4D7F-A057-108436D80A52}.Debug|Win32.Build.0 = Debug|Win32
		{506A1355-9A0F-4D7F-A057-108436D80A52}.Release|Win32.ActiveCfg = Release|Win32
		{506A1355-9A0F-4D7F-A057-108436D80A52}.Release|Win32.Build.0 = Release|Win32
	EndGlobalSection
	GlobalSection(SolutionProperties) = preSolution
		HideSolutionNode = FALSE
	EndGlobalSection
EndGlobal
