
Microsoft Visual Studio Solution File, Format Version 10.00
# Visual Studio 2008
Project("{8BC9CEB8-8B4A-11D0-8D11-00A0C91BC942}") = "Dr42", "Dr42\Dr42.vcproj", "{42709351-D6E8-4C03-AB67-3EFD47574CEA}"
EndProject
Global
	GlobalSection(SolutionConfigurationPlatforms) = preSolution
		Debug|Win32 = Debug|Win32
		Release|Win32 = Release|Win32
	EndGlobalSection
	GlobalSection(ProjectConfigurationPlatforms) = postSolution
		{42709351-D6E8-4C03-AB67-3EFD47574CEA}.Debug|Win32.ActiveCfg = Debug|Win32
		{42709351-D6E8-4C03-AB67-3EFD47574CEA}.Debug|Win32.Build.0 = Debug|Win32
		{42709351-D6E8-4C03-AB67-3EFD47574CEA}.Release|Win32.ActiveCfg = Release|Win32
		{42709351-D6E8-4C03-AB67-3EFD47574CEA}.Release|Win32.Build.0 = Release|Win32
	EndGlobalSection
	GlobalSection(SolutionProperties) = preSolution
		HideSolutionNode = FALSE
	EndGlobalSection
EndGlobal
