
Microsoft Visual Studio Solution File, Format Version 10.00
# Visual C++ Express 2008
Project("{8BC9CEB8-8B4A-11D0-8D11-00A0C91BC942}") = "Dr25", "Dr25\Dr25.vcproj", "{876727E8-2E35-4711-96FE-36D150FADFA8}"
EndProject
Global
	GlobalSection(SolutionConfigurationPlatforms) = preSolution
		Debug|Win32 = Debug|Win32
		Release|Win32 = Release|Win32
	EndGlobalSection
	GlobalSection(ProjectConfigurationPlatforms) = postSolution
		{876727E8-2E35-4711-96FE-36D150FADFA8}.Debug|Win32.ActiveCfg = Debug|Win32
		{876727E8-2E35-4711-96FE-36D150FADFA8}.Debug|Win32.Build.0 = Debug|Win32
		{876727E8-2E35-4711-96FE-36D150FADFA8}.Release|Win32.ActiveCfg = Release|Win32
		{876727E8-2E35-4711-96FE-36D150FADFA8}.Release|Win32.Build.0 = Release|Win32
	EndGlobalSection
	GlobalSection(SolutionProperties) = preSolution
		HideSolutionNode = FALSE
	EndGlobalSection
EndGlobal
