
Microsoft Visual Studio Solution File, Format Version 10.00
# Visual Studio 2008
Project("{8BC9CEB8-8B4A-11D0-8D11-00A0C91BC942}") = "Dr57", "Dr57\Dr57.vcproj", "{11EC089F-2366-4764-BBD9-7AAD514D067A}"
EndProject
Global
	GlobalSection(SolutionConfigurationPlatforms) = preSolution
		Debug|Win32 = Debug|Win32
		Release|Win32 = Release|Win32
	EndGlobalSection
	GlobalSection(ProjectConfigurationPlatforms) = postSolution
		{11EC089F-2366-4764-BBD9-7AAD514D067A}.Debug|Win32.ActiveCfg = Debug|Win32
		{11EC089F-2366-4764-BBD9-7AAD514D067A}.Debug|Win32.Build.0 = Debug|Win32
		{11EC089F-2366-4764-BBD9-7AAD514D067A}.Release|Win32.ActiveCfg = Release|Win32
		{11EC089F-2366-4764-BBD9-7AAD514D067A}.Release|Win32.Build.0 = Release|Win32
	EndGlobalSection
	GlobalSection(SolutionProperties) = preSolution
		HideSolutionNode = FALSE
	EndGlobalSection
EndGlobal
