
Microsoft Visual Studio Solution File, Format Version 10.00
# Visual Studio 2008
Project("{8BC9CEB8-8B4A-11D0-8D11-00A0C91BC942}") = "Dr45_2", "Dr45_2\Dr45_2.vcproj", "{59F510B3-004E-4BE5-BE67-2CC478C2C92D}"
EndProject
Global
	GlobalSection(SolutionConfigurationPlatforms) = preSolution
		Debug|Win32 = Debug|Win32
		Release|Win32 = Release|Win32
	EndGlobalSection
	GlobalSection(ProjectConfigurationPlatforms) = postSolution
		{59F510B3-004E-4BE5-BE67-2CC478C2C92D}.Debug|Win32.ActiveCfg = Debug|Win32
		{59F510B3-004E-4BE5-BE67-2CC478C2C92D}.Debug|Win32.Build.0 = Debug|Win32
		{59F510B3-004E-4BE5-BE67-2CC478C2C92D}.Release|Win32.ActiveCfg = Release|Win32
		{59F510B3-004E-4BE5-BE67-2CC478C2C92D}.Release|Win32.Build.0 = Release|Win32
	EndGlobalSection
	GlobalSection(SolutionProperties) = preSolution
		HideSolutionNode = FALSE
	EndGlobalSection
EndGlobal
