
Microsoft Visual Studio Solution File, Format Version 10.00
# Visual Studio 2008
Project("{8BC9CEB8-8B4A-11D0-8D11-00A0C91BC942}") = "Dr28_1", "Dr28_1\Dr28_1.vcproj", "{AE94B3A1-6199-4E46-B49B-E5E64B174E20}"
EndProject
Global
	GlobalSection(SolutionConfigurationPlatforms) = preSolution
		Debug|Win32 = Debug|Win32
		Release|Win32 = Release|Win32
	EndGlobalSection
	GlobalSection(ProjectConfigurationPlatforms) = postSolution
		{AE94B3A1-6199-4E46-B49B-E5E64B174E20}.Debug|Win32.ActiveCfg = Debug|Win32
		{AE94B3A1-6199-4E46-B49B-E5E64B174E20}.Debug|Win32.Build.0 = Debug|Win32
		{AE94B3A1-6199-4E46-B49B-E5E64B174E20}.Release|Win32.ActiveCfg = Release|Win32
		{AE94B3A1-6199-4E46-B49B-E5E64B174E20}.Release|Win32.Build.0 = Release|Win32
	EndGlobalSection
	GlobalSection(SolutionProperties) = preSolution
		HideSolutionNode = FALSE
	EndGlobalSection
EndGlobal
