
Microsoft Visual Studio Solution File, Format Version 10.00
# Visual Studio 2008
Project("{8BC9CEB8-8B4A-11D0-8D11-00A0C91BC942}") = "Rei38", "Rei38\Rei38.vcproj", "{EEB411EF-E12F-48F7-8A4F-C1146A13DECD}"
EndProject
Global
	GlobalSection(SolutionConfigurationPlatforms) = preSolution
		Debug|Win32 = Debug|Win32
		Release|Win32 = Release|Win32
	EndGlobalSection
	GlobalSection(ProjectConfigurationPlatforms) = postSolution
		{EEB411EF-E12F-48F7-8A4F-C1146A13DECD}.Debug|Win32.ActiveCfg = Debug|Win32
		{EEB411EF-E12F-48F7-8A4F-C1146A13DECD}.Debug|Win32.Build.0 = Debug|Win32
		{EEB411EF-E12F-48F7-8A4F-C1146A13DECD}.Release|Win32.ActiveCfg = Release|Win32
		{EEB411EF-E12F-48F7-8A4F-C1146A13DECD}.Release|Win32.Build.0 = Release|Win32
	EndGlobalSection
	GlobalSection(SolutionProperties) = preSolution
		HideSolutionNode = FALSE
	EndGlobalSection
EndGlobal
