
Microsoft Visual Studio Solution File, Format Version 10.00
# Visual C++ Express 2008
Project("{8BC9CEB8-8B4A-11D0-8D11-00A0C91BC942}") = "Rei31", "Rei31\Rei31.vcproj", "{8B23C87D-7535-4EC2-806E-2552C575A913}"
EndProject
Global
	GlobalSection(SolutionConfigurationPlatforms) = preSolution
		Debug|Win32 = Debug|Win32
		Release|Win32 = Release|Win32
	EndGlobalSection
	GlobalSection(ProjectConfigurationPlatforms) = postSolution
		{8B23C87D-7535-4EC2-806E-2552C575A913}.Debug|Win32.ActiveCfg = Debug|Win32
		{8B23C87D-7535-4EC2-806E-2552C575A913}.Debug|Win32.Build.0 = Debug|Win32
		{8B23C87D-7535-4EC2-806E-2552C575A913}.Release|Win32.ActiveCfg = Release|Win32
		{8B23C87D-7535-4EC2-806E-2552C575A913}.Release|Win32.Build.0 = Release|Win32
	EndGlobalSection
	GlobalSection(SolutionProperties) = preSolution
		HideSolutionNode = FALSE
	EndGlobalSection
EndGlobal
