
Microsoft Visual Studio Solution File, Format Version 10.00
# Visual Studio 2008
Project("{8BC9CEB8-8B4A-11D0-8D11-00A0C91BC942}") = "Dr26_5", "Dr26_5\Dr26_5.vcproj", "{2D63979A-0014-4BFF-9D5A-517E6751CA10}"
EndProject
Global
	GlobalSection(SolutionConfigurationPlatforms) = preSolution
		Debug|Win32 = Debug|Win32
		Release|Win32 = Release|Win32
	EndGlobalSection
	GlobalSection(ProjectConfigurationPlatforms) = postSolution
		{2D63979A-0014-4BFF-9D5A-517E6751CA10}.Debug|Win32.ActiveCfg = Debug|Win32
		{2D63979A-0014-4BFF-9D5A-517E6751CA10}.Debug|Win32.Build.0 = Debug|Win32
		{2D63979A-0014-4BFF-9D5A-517E6751CA10}.Release|Win32.ActiveCfg = Release|Win32
		{2D63979A-0014-4BFF-9D5A-517E6751CA10}.Release|Win32.Build.0 = Release|Win32
	EndGlobalSection
	GlobalSection(SolutionProperties) = preSolution
		HideSolutionNode = FALSE
	EndGlobalSection
EndGlobal
