
Microsoft Visual Studio Solution File, Format Version 10.00
# Visual C++ Express 2008
Project("{8BC9CEB8-8B4A-11D0-8D11-00A0C91BC942}") = "Rei63", "Rei63\Rei63.vcproj", "{EF1F79E8-552B-410D-A694-4D42DB5B9938}"
EndProject
Global
	GlobalSection(SolutionConfigurationPlatforms) = preSolution
		Debug|Win32 = Debug|Win32
		Release|Win32 = Release|Win32
	EndGlobalSection
	GlobalSection(ProjectConfigurationPlatforms) = postSolution
		{EF1F79E8-552B-410D-A694-4D42DB5B9938}.Debug|Win32.ActiveCfg = Debug|Win32
		{EF1F79E8-552B-410D-A694-4D42DB5B9938}.Debug|Win32.Build.0 = Debug|Win32
		{EF1F79E8-552B-410D-A694-4D42DB5B9938}.Release|Win32.ActiveCfg = Release|Win32
		{EF1F79E8-552B-410D-A694-4D42DB5B9938}.Release|Win32.Build.0 = Release|Win32
	EndGlobalSection
	GlobalSection(SolutionProperties) = preSolution
		HideSolutionNode = FALSE
	EndGlobalSection
EndGlobal
