
Microsoft Visual Studio Solution File, Format Version 10.00
# Visual Studio 2008
Project("{8BC9CEB8-8B4A-11D0-8D11-00A0C91BC942}") = "Rei4", "Rei4\Rei4.vcproj", "{0A2C9BD6-E322-4648-85BA-3FC8BD4A3FA0}"
EndProject
Global
	GlobalSection(SolutionConfigurationPlatforms) = preSolution
		Debug|Win32 = Debug|Win32
		Release|Win32 = Release|Win32
	EndGlobalSection
	GlobalSection(ProjectConfigurationPlatforms) = postSolution
		{0A2C9BD6-E322-4648-85BA-3FC8BD4A3FA0}.Debug|Win32.ActiveCfg = Debug|Win32
		{0A2C9BD6-E322-4648-85BA-3FC8BD4A3FA0}.Debug|Win32.Build.0 = Debug|Win32
		{0A2C9BD6-E322-4648-85BA-3FC8BD4A3FA0}.Release|Win32.ActiveCfg = Release|Win32
		{0A2C9BD6-E322-4648-85BA-3FC8BD4A3FA0}.Release|Win32.Build.0 = Release|Win32
	EndGlobalSection
	GlobalSection(SolutionProperties) = preSolution
		HideSolutionNode = FALSE
	EndGlobalSection
EndGlobal
