
Microsoft Visual Studio Solution File, Format Version 10.00
# Visual Studio 2008
Project("{8BC9CEB8-8B4A-11D0-8D11-00A0C91BC942}") = "Dr7_1", "Dr7_1\Dr7_1.vcproj", "{386CA79D-1161-4CB5-AAEA-3824FD71EE1A}"
EndProject
Global
	GlobalSection(SolutionConfigurationPlatforms) = preSolution
		Debug|Win32 = Debug|Win32
		Release|Win32 = Release|Win32
	EndGlobalSection
	GlobalSection(ProjectConfigurationPlatforms) = postSolution
		{386CA79D-1161-4CB5-AAEA-3824FD71EE1A}.Debug|Win32.ActiveCfg = Debug|Win32
		{386CA79D-1161-4CB5-AAEA-3824FD71EE1A}.Debug|Win32.Build.0 = Debug|Win32
		{386CA79D-1161-4CB5-AAEA-3824FD71EE1A}.Release|Win32.ActiveCfg = Release|Win32
		{386CA79D-1161-4CB5-AAEA-3824FD71EE1A}.Release|Win32.Build.0 = Release|Win32
	EndGlobalSection
	GlobalSection(SolutionProperties) = preSolution
		HideSolutionNode = FALSE
	EndGlobalSection
EndGlobal
