
Microsoft Visual Studio Solution File, Format Version 10.00
# Visual Studio 2008
Project("{8BC9CEB8-8B4A-11D0-8D11-00A0C91BC942}") = "Rei18", "Rei18\Rei18.vcproj", "{714CC227-5D35-497A-B282-5E888E01DAB0}"
EndProject
Global
	GlobalSection(SolutionConfigurationPlatforms) = preSolution
		Debug|Win32 = Debug|Win32
		Release|Win32 = Release|Win32
	EndGlobalSection
	GlobalSection(ProjectConfigurationPlatforms) = postSolution
		{714CC227-5D35-497A-B282-5E888E01DAB0}.Debug|Win32.ActiveCfg = Debug|Win32
		{714CC227-5D35-497A-B282-5E888E01DAB0}.Debug|Win32.Build.0 = Debug|Win32
		{714CC227-5D35-497A-B282-5E888E01DAB0}.Release|Win32.ActiveCfg = Release|Win32
		{714CC227-5D35-497A-B282-5E888E01DAB0}.Release|Win32.Build.0 = Release|Win32
	EndGlobalSection
	GlobalSection(SolutionProperties) = preSolution
		HideSolutionNode = FALSE
	EndGlobalSection
EndGlobal
