
Microsoft Visual Studio Solution File, Format Version 10.00
# Visual Studio 2008
Project("{8BC9CEB8-8B4A-11D0-8D11-00A0C91BC942}") = "Rei26", "Rei26\Rei26.vcproj", "{FB2841BB-31CA-406D-89DD-FA841733F791}"
EndProject
Global
	GlobalSection(SolutionConfigurationPlatforms) = preSolution
		Debug|Win32 = Debug|Win32
		Release|Win32 = Release|Win32
	EndGlobalSection
	GlobalSection(ProjectConfigurationPlatforms) = postSolution
		{FB2841BB-31CA-406D-89DD-FA841733F791}.Debug|Win32.ActiveCfg = Debug|Win32
		{FB2841BB-31CA-406D-89DD-FA841733F791}.Debug|Win32.Build.0 = Debug|Win32
		{FB2841BB-31CA-406D-89DD-FA841733F791}.Release|Win32.ActiveCfg = Release|Win32
		{FB2841BB-31CA-406D-89DD-FA841733F791}.Release|Win32.Build.0 = Release|Win32
	EndGlobalSection
	GlobalSection(SolutionProperties) = preSolution
		HideSolutionNode = FALSE
	EndGlobalSection
EndGlobal
