
Microsoft Visual Studio Solution File, Format Version 10.00
# Visual Studio 2008
Project("{8BC9CEB8-8B4A-11D0-8D11-00A0C91BC942}") = "Rei6", "Rei6\Rei6.vcproj", "{AC397CE1-D945-4671-99E3-9379C384CAC7}"
EndProject
Global
	GlobalSection(SolutionConfigurationPlatforms) = preSolution
		Debug|Win32 = Debug|Win32
		Release|Win32 = Release|Win32
	EndGlobalSection
	GlobalSection(ProjectConfigurationPlatforms) = postSolution
		{AC397CE1-D945-4671-99E3-9379C384CAC7}.Debug|Win32.ActiveCfg = Debug|Win32
		{AC397CE1-D945-4671-99E3-9379C384CAC7}.Debug|Win32.Build.0 = Debug|Win32
		{AC397CE1-D945-4671-99E3-9379C384CAC7}.Release|Win32.ActiveCfg = Release|Win32
		{AC397CE1-D945-4671-99E3-9379C384CAC7}.Release|Win32.Build.0 = Release|Win32
	EndGlobalSection
	GlobalSection(SolutionProperties) = preSolution
		HideSolutionNode = FALSE
	EndGlobalSection
EndGlobal
