
Microsoft Visual Studio Solution File, Format Version 10.00
# Visual C++ Express 2008
Project("{8BC9CEB8-8B4A-11D0-8D11-00A0C91BC942}") = "Dr30_1", "Dr30_1\Dr30_1.vcproj", "{00363EBA-91E6-4518-A4D0-3F090C6E2F25}"
EndProject
Global
	GlobalSection(SolutionConfigurationPlatforms) = preSolution
		Debug|Win32 = Debug|Win32
		Release|Win32 = Release|Win32
	EndGlobalSection
	GlobalSection(ProjectConfigurationPlatforms) = postSolution
		{00363EBA-91E6-4518-A4D0-3F090C6E2F25}.Debug|Win32.ActiveCfg = Debug|Win32
		{00363EBA-91E6-4518-A4D0-3F090C6E2F25}.Debug|Win32.Build.0 = Debug|Win32
		{00363EBA-91E6-4518-A4D0-3F090C6E2F25}.Release|Win32.ActiveCfg = Release|Win32
		{00363EBA-91E6-4518-A4D0-3F090C6E2F25}.Release|Win32.Build.0 = Release|Win32
	EndGlobalSection
	GlobalSection(SolutionProperties) = preSolution
		HideSolutionNode = FALSE
	EndGlobalSection
EndGlobal
