
Microsoft Visual Studio Solution File, Format Version 10.00
# Visual Studio 2008
Project("{8BC9CEB8-8B4A-11D0-8D11-00A0C91BC942}") = "Dr6", "Dr6\Dr6.vcproj", "{683E9BB2-F5FC-43A9-8B4D-C443644654AD}"
EndProject
Global
	GlobalSection(SolutionConfigurationPlatforms) = preSolution
		Debug|Win32 = Debug|Win32
		Release|Win32 = Release|Win32
	EndGlobalSection
	GlobalSection(ProjectConfigurationPlatforms) = postSolution
		{683E9BB2-F5FC-43A9-8B4D-C443644654AD}.Debug|Win32.ActiveCfg = Debug|Win32
		{683E9BB2-F5FC-43A9-8B4D-C443644654AD}.Debug|Win32.Build.0 = Debug|Win32
		{683E9BB2-F5FC-43A9-8B4D-C443644654AD}.Release|Win32.ActiveCfg = Release|Win32
		{683E9BB2-F5FC-43A9-8B4D-C443644654AD}.Release|Win32.Build.0 = Release|Win32
	EndGlobalSection
	GlobalSection(SolutionProperties) = preSolution
		HideSolutionNode = FALSE
	EndGlobalSection
EndGlobal
