
Microsoft Visual Studio Solution File, Format Version 10.00
# Visual Studio 2008
Project("{8BC9CEB8-8B4A-11D0-8D11-00A0C91BC942}") = "Rei51", "Rei51\Rei51.vcproj", "{CDA7470E-D787-479D-A2A3-00AA16BE3446}"
EndProject
Global
	GlobalSection(SolutionConfigurationPlatforms) = preSolution
		Debug|Win32 = Debug|Win32
		Release|Win32 = Release|Win32
	EndGlobalSection
	GlobalSection(ProjectConfigurationPlatforms) = postSolution
		{CDA7470E-D787-479D-A2A3-00AA16BE3446}.Debug|Win32.ActiveCfg = Debug|Win32
		{CDA7470E-D787-479D-A2A3-00AA16BE3446}.Debug|Win32.Build.0 = Debug|Win32
		{CDA7470E-D787-479D-A2A3-00AA16BE3446}.Release|Win32.ActiveCfg = Release|Win32
		{CDA7470E-D787-479D-A2A3-00AA16BE3446}.Release|Win32.Build.0 = Release|Win32
	EndGlobalSection
	GlobalSection(SolutionProperties) = preSolution
		HideSolutionNode = FALSE
	EndGlobalSection
EndGlobal
