
Microsoft Visual Studio Solution File, Format Version 10.00
# Visual C++ Express 2008
Project("{8BC9CEB8-8B4A-11D0-8D11-00A0C91BC942}") = "Dr45_1", "Dr45_1\Dr45_1.vcproj", "{843E0618-996F-42C5-BFA8-1274AC7F9754}"
EndProject
Global
	GlobalSection(SolutionConfigurationPlatforms) = preSolution
		Debug|Win32 = Debug|Win32
		Release|Win32 = Release|Win32
	EndGlobalSection
	GlobalSection(ProjectConfigurationPlatforms) = postSolution
		{843E0618-996F-42C5-BFA8-1274AC7F9754}.Debug|Win32.ActiveCfg = Debug|Win32
		{843E0618-996F-42C5-BFA8-1274AC7F9754}.Debug|Win32.Build.0 = Debug|Win32
		{843E0618-996F-42C5-BFA8-1274AC7F9754}.Release|Win32.ActiveCfg = Release|Win32
		{843E0618-996F-42C5-BFA8-1274AC7F9754}.Release|Win32.Build.0 = Release|Win32
	EndGlobalSection
	GlobalSection(SolutionProperties) = preSolution
		HideSolutionNode = FALSE
	EndGlobalSection
EndGlobal
