
Microsoft Visual Studio Solution File, Format Version 10.00
# Visual Studio 2008
Project("{8BC9CEB8-8B4A-11D0-8D11-00A0C91BC942}") = "Rei11", "Rei11\Rei11.vcproj", "{50879C7D-75A5-4909-A3D0-82F4FE8EF36F}"
EndProject
Global
	GlobalSection(SolutionConfigurationPlatforms) = preSolution
		Debug|Win32 = Debug|Win32
		Release|Win32 = Release|Win32
	EndGlobalSection
	GlobalSection(ProjectConfigurationPlatforms) = postSolution
		{50879C7D-75A5-4909-A3D0-82F4FE8EF36F}.Debug|Win32.ActiveCfg = Debug|Win32
		{50879C7D-75A5-4909-A3D0-82F4FE8EF36F}.Debug|Win32.Build.0 = Debug|Win32
		{50879C7D-75A5-4909-A3D0-82F4FE8EF36F}.Release|Win32.ActiveCfg = Release|Win32
		{50879C7D-75A5-4909-A3D0-82F4FE8EF36F}.Release|Win32.Build.0 = Release|Win32
	EndGlobalSection
	GlobalSection(SolutionProperties) = preSolution
		HideSolutionNode = FALSE
	EndGlobalSection
EndGlobal
