
Microsoft Visual Studio Solution File, Format Version 10.00
# Visual Studio 2008
Project("{8BC9CEB8-8B4A-11D0-8D11-00A0C91BC942}") = "Dr63_2", "Dr63_2\Dr63_2.vcproj", "{CAF590F4-74DD-493A-96EA-14B3A29B1860}"
EndProject
Global
	GlobalSection(SolutionConfigurationPlatforms) = preSolution
		Debug|Win32 = Debug|Win32
		Release|Win32 = Release|Win32
	EndGlobalSection
	GlobalSection(ProjectConfigurationPlatforms) = postSolution
		{CAF590F4-74DD-493A-96EA-14B3A29B1860}.Debug|Win32.ActiveCfg = Debug|Win32
		{CAF590F4-74DD-493A-96EA-14B3A29B1860}.Debug|Win32.Build.0 = Debug|Win32
		{CAF590F4-74DD-493A-96EA-14B3A29B1860}.Release|Win32.ActiveCfg = Release|Win32
		{CAF590F4-74DD-493A-96EA-14B3A29B1860}.Release|Win32.Build.0 = Release|Win32
	EndGlobalSection
	GlobalSection(SolutionProperties) = preSolution
		HideSolutionNode = FALSE
	EndGlobalSection
EndGlobal
