
Microsoft Visual Studio Solution File, Format Version 10.00
# Visual Studio 2008
Project("{8BC9CEB8-8B4A-11D0-8D11-00A0C91BC942}") = "Rei29", "Rei29\Rei29.vcproj", "{A8D1A113-7DFC-450E-9EDC-A0ED58FE72FD}"
EndProject
Global
	GlobalSection(SolutionConfigurationPlatforms) = preSolution
		Debug|Win32 = Debug|Win32
		Release|Win32 = Release|Win32
	EndGlobalSection
	GlobalSection(ProjectConfigurationPlatforms) = postSolution
		{A8D1A113-7DFC-450E-9EDC-A0ED58FE72FD}.Debug|Win32.ActiveCfg = Debug|Win32
		{A8D1A113-7DFC-450E-9EDC-A0ED58FE72FD}.Debug|Win32.Build.0 = Debug|Win32
		{A8D1A113-7DFC-450E-9EDC-A0ED58FE72FD}.Release|Win32.ActiveCfg = Release|Win32
		{A8D1A113-7DFC-450E-9EDC-A0ED58FE72FD}.Release|Win32.Build.0 = Release|Win32
	EndGlobalSection
	GlobalSection(SolutionProperties) = preSolution
		HideSolutionNode = FALSE
	EndGlobalSection
EndGlobal
