
Microsoft Visual Studio Solution File, Format Version 10.00
# Visual Studio 2008
Project("{8BC9CEB8-8B4A-11D0-8D11-00A0C91BC942}") = "Rei66", "Rei66\Rei66.vcproj", "{9F25E916-A73A-4ADC-A4E4-B2F8B08BAC36}"
EndProject
Global
	GlobalSection(SolutionConfigurationPlatforms) = preSolution
		Debug|Win32 = Debug|Win32
		Release|Win32 = Release|Win32
	EndGlobalSection
	GlobalSection(ProjectConfigurationPlatforms) = postSolution
		{9F25E916-A73A-4ADC-A4E4-B2F8B08BAC36}.Debug|Win32.ActiveCfg = Debug|Win32
		{9F25E916-A73A-4ADC-A4E4-B2F8B08BAC36}.Debug|Win32.Build.0 = Debug|Win32
		{9F25E916-A73A-4ADC-A4E4-B2F8B08BAC36}.Release|Win32.ActiveCfg = Release|Win32
		{9F25E916-A73A-4ADC-A4E4-B2F8B08BAC36}.Release|Win32.Build.0 = Release|Win32
	EndGlobalSection
	GlobalSection(SolutionProperties) = preSolution
		HideSolutionNode = FALSE
	EndGlobalSection
EndGlobal
