
Microsoft Visual Studio Solution File, Format Version 10.00
# Visual Studio 2008
Project("{8BC9CEB8-8B4A-11D0-8D11-00A0C91BC942}") = "Rei28", "Rei28\Rei28.vcproj", "{48C56A4C-C434-457F-B0BD-7E9C86B443D0}"
EndProject
Global
	GlobalSection(SolutionConfigurationPlatforms) = preSolution
		Debug|Win32 = Debug|Win32
		Release|Win32 = Release|Win32
	EndGlobalSection
	GlobalSection(ProjectConfigurationPlatforms) = postSolution
		{48C56A4C-C434-457F-B0BD-7E9C86B443D0}.Debug|Win32.ActiveCfg = Debug|Win32
		{48C56A4C-C434-457F-B0BD-7E9C86B443D0}.Debug|Win32.Build.0 = Debug|Win32
		{48C56A4C-C434-457F-B0BD-7E9C86B443D0}.Release|Win32.ActiveCfg = Release|Win32
		{48C56A4C-C434-457F-B0BD-7E9C86B443D0}.Release|Win32.Build.0 = Release|Win32
	EndGlobalSection
	GlobalSection(SolutionProperties) = preSolution
		HideSolutionNode = FALSE
	EndGlobalSection
EndGlobal
