
Microsoft Visual Studio Solution File, Format Version 10.00
# Visual Studio 2008
Project("{8BC9CEB8-8B4A-11D0-8D11-00A0C91BC942}") = "Dr63_1", "Dr63_1\Dr63_1.vcproj", "{69134C07-E0BA-4B47-9D49-6F127A42AF62}"
EndProject
Global
	GlobalSection(SolutionConfigurationPlatforms) = preSolution
		Debug|Win32 = Debug|Win32
		Release|Win32 = Release|Win32
	EndGlobalSection
	GlobalSection(ProjectConfigurationPlatforms) = postSolution
		{69134C07-E0BA-4B47-9D49-6F127A42AF62}.Debug|Win32.ActiveCfg = Debug|Win32
		{69134C07-E0BA-4B47-9D49-6F127A42AF62}.Debug|Win32.Build.0 = Debug|Win32
		{69134C07-E0BA-4B47-9D49-6F127A42AF62}.Release|Win32.ActiveCfg = Release|Win32
		{69134C07-E0BA-4B47-9D49-6F127A42AF62}.Release|Win32.Build.0 = Release|Win32
	EndGlobalSection
	GlobalSection(SolutionProperties) = preSolution
		HideSolutionNode = FALSE
	EndGlobalSection
EndGlobal
