
Microsoft Visual Studio Solution File, Format Version 10.00
# Visual C++ Express 2008
Project("{8BC9CEB8-8B4A-11D0-8D11-00A0C91BC942}") = "dr8_1", "dr8_1\dr8_1.vcproj", "{B284956F-C30E-476E-B6B1-8B90BA71AD1B}"
EndProject
Global
	GlobalSection(SolutionConfigurationPlatforms) = preSolution
		Debug|Win32 = Debug|Win32
		Release|Win32 = Release|Win32
	EndGlobalSection
	GlobalSection(ProjectConfigurationPlatforms) = postSolution
		{B284956F-C30E-476E-B6B1-8B90BA71AD1B}.Debug|Win32.ActiveCfg = Debug|Win32
		{B284956F-C30E-476E-B6B1-8B90BA71AD1B}.Debug|Win32.Build.0 = Debug|Win32
		{B284956F-C30E-476E-B6B1-8B90BA71AD1B}.Release|Win32.ActiveCfg = Release|Win32
		{B284956F-C30E-476E-B6B1-8B90BA71AD1B}.Release|Win32.Build.0 = Release|Win32
	EndGlobalSection
	GlobalSection(SolutionProperties) = preSolution
		HideSolutionNode = FALSE
	EndGlobalSection
EndGlobal
