
Microsoft Visual Studio Solution File, Format Version 10.00
# Visual Studio 2008
Project("{8BC9CEB8-8B4A-11D0-8D11-00A0C91BC942}") = "Dr10_1", "Dr10_1\Dr10_1.vcproj", "{80D087C4-5A94-48F4-8040-0D7A8255D77A}"
EndProject
Global
	GlobalSection(SolutionConfigurationPlatforms) = preSolution
		Debug|Win32 = Debug|Win32
		Release|Win32 = Release|Win32
	EndGlobalSection
	GlobalSection(ProjectConfigurationPlatforms) = postSolution
		{80D087C4-5A94-48F4-8040-0D7A8255D77A}.Debug|Win32.ActiveCfg = Debug|Win32
		{80D087C4-5A94-48F4-8040-0D7A8255D77A}.Debug|Win32.Build.0 = Debug|Win32
		{80D087C4-5A94-48F4-8040-0D7A8255D77A}.Release|Win32.ActiveCfg = Release|Win32
		{80D087C4-5A94-48F4-8040-0D7A8255D77A}.Release|Win32.Build.0 = Release|Win32
	EndGlobalSection
	GlobalSection(SolutionProperties) = preSolution
		HideSolutionNode = FALSE
	EndGlobalSection
EndGlobal
