
Microsoft Visual Studio Solution File, Format Version 10.00
# Visual C++ Express 2008
Project("{8BC9CEB8-8B4A-11D0-8D11-00A0C91BC942}") = "Dr26_4", "Dr26_4\Dr26_4.vcproj", "{779B1A4F-B402-4C16-B584-FD2EB0260427}"
EndProject
Global
	GlobalSection(SolutionConfigurationPlatforms) = preSolution
		Debug|Win32 = Debug|Win32
		Release|Win32 = Release|Win32
	EndGlobalSection
	GlobalSection(ProjectConfigurationPlatforms) = postSolution
		{779B1A4F-B402-4C16-B584-FD2EB0260427}.Debug|Win32.ActiveCfg = Debug|Win32
		{779B1A4F-B402-4C16-B584-FD2EB0260427}.Debug|Win32.Build.0 = Debug|Win32
		{779B1A4F-B402-4C16-B584-FD2EB0260427}.Release|Win32.ActiveCfg = Release|Win32
		{779B1A4F-B402-4C16-B584-FD2EB0260427}.Release|Win32.Build.0 = Release|Win32
	EndGlobalSection
	GlobalSection(SolutionProperties) = preSolution
		HideSolutionNode = FALSE
	EndGlobalSection
EndGlobal
