
Microsoft Visual Studio Solution File, Format Version 10.00
# Visual C++ Express 2008
Project("{8BC9CEB8-8B4A-11D0-8D11-00A0C91BC942}") = "Rei7", "Rei7\Rei7.vcproj", "{EA2ADC42-BD39-40F5-96F0-9E20F38E891C}"
EndProject
Global
	GlobalSection(SolutionConfigurationPlatforms) = preSolution
		Debug|Win32 = Debug|Win32
		Release|Win32 = Release|Win32
	EndGlobalSection
	GlobalSection(ProjectConfigurationPlatforms) = postSolution
		{EA2ADC42-BD39-40F5-96F0-9E20F38E891C}.Debug|Win32.ActiveCfg = Debug|Win32
		{EA2ADC42-BD39-40F5-96F0-9E20F38E891C}.Debug|Win32.Build.0 = Debug|Win32
		{EA2ADC42-BD39-40F5-96F0-9E20F38E891C}.Release|Win32.ActiveCfg = Release|Win32
		{EA2ADC42-BD39-40F5-96F0-9E20F38E891C}.Release|Win32.Build.0 = Release|Win32
	EndGlobalSection
	GlobalSection(SolutionProperties) = preSolution
		HideSolutionNode = FALSE
	EndGlobalSection
EndGlobal
