
Microsoft Visual Studio Solution File, Format Version 10.00
# Visual Studio 2008
Project("{8BC9CEB8-8B4A-11D0-8D11-00A0C91BC942}") = "Rei62", "Rei62\Rei62.vcproj", "{2DB653E8-2595-47FF-B3A7-B354AFE3316B}"
EndProject
Global
	GlobalSection(SolutionConfigurationPlatforms) = preSolution
		Debug|Win32 = Debug|Win32
		Release|Win32 = Release|Win32
	EndGlobalSection
	GlobalSection(ProjectConfigurationPlatforms) = postSolution
		{2DB653E8-2595-47FF-B3A7-B354AFE3316B}.Debug|Win32.ActiveCfg = Debug|Win32
		{2DB653E8-2595-47FF-B3A7-B354AFE3316B}.Debug|Win32.Build.0 = Debug|Win32
		{2DB653E8-2595-47FF-B3A7-B354AFE3316B}.Release|Win32.ActiveCfg = Release|Win32
		{2DB653E8-2595-47FF-B3A7-B354AFE3316B}.Release|Win32.Build.0 = Release|Win32
	EndGlobalSection
	GlobalSection(SolutionProperties) = preSolution
		HideSolutionNode = FALSE
	EndGlobalSection
EndGlobal
