
Microsoft Visual Studio Solution File, Format Version 10.00
# Visual Studio 2008
Project("{8BC9CEB8-8B4A-11D0-8D11-00A0C91BC942}") = "Rei59", "Rei59\Rei59.vcproj", "{CC827E09-AB79-4D13-B582-709A1AF13ADD}"
EndProject
Global
	GlobalSection(SolutionConfigurationPlatforms) = preSolution
		Debug|Win32 = Debug|Win32
		Release|Win32 = Release|Win32
	EndGlobalSection
	GlobalSection(ProjectConfigurationPlatforms) = postSolution
		{CC827E09-AB79-4D13-B582-709A1AF13ADD}.Debug|Win32.ActiveCfg = Debug|Win32
		{CC827E09-AB79-4D13-B582-709A1AF13ADD}.Debug|Win32.Build.0 = Debug|Win32
		{CC827E09-AB79-4D13-B582-709A1AF13ADD}.Release|Win32.ActiveCfg = Release|Win32
		{CC827E09-AB79-4D13-B582-709A1AF13ADD}.Release|Win32.Build.0 = Release|Win32
	EndGlobalSection
	GlobalSection(SolutionProperties) = preSolution
		HideSolutionNode = FALSE
	EndGlobalSection
EndGlobal
