
Microsoft Visual Studio Solution File, Format Version 10.00
# Visual Studio 2008
Project("{8BC9CEB8-8B4A-11D0-8D11-00A0C91BC942}") = "Dr28_2", "Dr28_2\Dr28_2.vcproj", "{D01EFC3B-8417-4A6B-990B-63369DAC1AF3}"
EndProject
Global
	GlobalSection(SolutionConfigurationPlatforms) = preSolution
		Debug|Win32 = Debug|Win32
		Release|Win32 = Release|Win32
	EndGlobalSection
	GlobalSection(ProjectConfigurationPlatforms) = postSolution
		{D01EFC3B-8417-4A6B-990B-63369DAC1AF3}.Debug|Win32.ActiveCfg = Debug|Win32
		{D01EFC3B-8417-4A6B-990B-63369DAC1AF3}.Debug|Win32.Build.0 = Debug|Win32
		{D01EFC3B-8417-4A6B-990B-63369DAC1AF3}.Release|Win32.ActiveCfg = Release|Win32
		{D01EFC3B-8417-4A6B-990B-63369DAC1AF3}.Release|Win32.Build.0 = Release|Win32
	EndGlobalSection
	GlobalSection(SolutionProperties) = preSolution
		HideSolutionNode = FALSE
	EndGlobalSection
EndGlobal
