
Microsoft Visual Studio Solution File, Format Version 10.00
# Visual Studio 2008
Project("{8BC9CEB8-8B4A-11D0-8D11-00A0C91BC942}") = "Rei8", "Rei8\Rei8.vcproj", "{D47C92F1-D04E-44FE-9C29-A6850CC7AB73}"
EndProject
Global
	GlobalSection(SolutionConfigurationPlatforms) = preSolution
		Debug|Win32 = Debug|Win32
		Release|Win32 = Release|Win32
	EndGlobalSection
	GlobalSection(ProjectConfigurationPlatforms) = postSolution
		{D47C92F1-D04E-44FE-9C29-A6850CC7AB73}.Debug|Win32.ActiveCfg = Debug|Win32
		{D47C92F1-D04E-44FE-9C29-A6850CC7AB73}.Debug|Win32.Build.0 = Debug|Win32
		{D47C92F1-D04E-44FE-9C29-A6850CC7AB73}.Release|Win32.ActiveCfg = Release|Win32
		{D47C92F1-D04E-44FE-9C29-A6850CC7AB73}.Release|Win32.Build.0 = Release|Win32
	EndGlobalSection
	GlobalSection(SolutionProperties) = preSolution
		HideSolutionNode = FALSE
	EndGlobalSection
EndGlobal
