
Microsoft Visual Studio Solution File, Format Version 10.00
# Visual C++ Express 2008
Project("{8BC9CEB8-8B4A-11D0-8D11-00A0C91BC942}") = "Dr19_1", "Dr19_1\Dr19_1.vcproj", "{080DF7B0-22D7-497D-B5BB-D5D673B4D41B}"
EndProject
Global
	GlobalSection(SolutionConfigurationPlatforms) = preSolution
		Debug|Win32 = Debug|Win32
		Release|Win32 = Release|Win32
	EndGlobalSection
	GlobalSection(ProjectConfigurationPlatforms) = postSolution
		{080DF7B0-22D7-497D-B5BB-D5D673B4D41B}.Debug|Win32.ActiveCfg = Debug|Win32
		{080DF7B0-22D7-497D-B5BB-D5D673B4D41B}.Debug|Win32.Build.0 = Debug|Win32
		{080DF7B0-22D7-497D-B5BB-D5D673B4D41B}.Release|Win32.ActiveCfg = Release|Win32
		{080DF7B0-22D7-497D-B5BB-D5D673B4D41B}.Release|Win32.Build.0 = Release|Win32
	EndGlobalSection
	GlobalSection(SolutionProperties) = preSolution
		HideSolutionNode = FALSE
	EndGlobalSection
EndGlobal
