
Microsoft Visual Studio Solution File, Format Version 10.00
# Visual C++ Express 2008
Project("{8BC9CEB8-8B4A-11D0-8D11-00A0C91BC942}") = "Rei23", "Rei23\Rei23.vcproj", "{34017519-617B-4CDE-B8EC-5CDDD6EE14D1}"
EndProject
Global
	GlobalSection(SolutionConfigurationPlatforms) = preSolution
		Debug|Win32 = Debug|Win32
		Release|Win32 = Release|Win32
	EndGlobalSection
	GlobalSection(ProjectConfigurationPlatforms) = postSolution
		{34017519-617B-4CDE-B8EC-5CDDD6EE14D1}.Debug|Win32.ActiveCfg = Debug|Win32
		{34017519-617B-4CDE-B8EC-5CDDD6EE14D1}.Debug|Win32.Build.0 = Debug|Win32
		{34017519-617B-4CDE-B8EC-5CDDD6EE14D1}.Release|Win32.ActiveCfg = Release|Win32
		{34017519-617B-4CDE-B8EC-5CDDD6EE14D1}.Release|Win32.Build.0 = Release|Win32
	EndGlobalSection
	GlobalSection(SolutionProperties) = preSolution
		HideSolutionNode = FALSE
	EndGlobalSection
EndGlobal
