
Microsoft Visual Studio Solution File, Format Version 10.00
# Visual Studio 2008
Project("{8BC9CEB8-8B4A-11D0-8D11-00A0C91BC942}") = "Rei21", "Rei21\Rei21.vcproj", "{5AC90094-AD4F-4A81-A1B9-77F8090C5950}"
EndProject
Global
	GlobalSection(SolutionConfigurationPlatforms) = preSolution
		Debug|Win32 = Debug|Win32
		Release|Win32 = Release|Win32
	EndGlobalSection
	GlobalSection(ProjectConfigurationPlatforms) = postSolution
		{5AC90094-AD4F-4A81-A1B9-77F8090C5950}.Debug|Win32.ActiveCfg = Debug|Win32
		{5AC90094-AD4F-4A81-A1B9-77F8090C5950}.Debug|Win32.Build.0 = Debug|Win32
		{5AC90094-AD4F-4A81-A1B9-77F8090C5950}.Release|Win32.ActiveCfg = Release|Win32
		{5AC90094-AD4F-4A81-A1B9-77F8090C5950}.Release|Win32.Build.0 = Release|Win32
	EndGlobalSection
	GlobalSection(SolutionProperties) = preSolution
		HideSolutionNode = FALSE
	EndGlobalSection
EndGlobal
