
Microsoft Visual Studio Solution File, Format Version 10.00
# Visual C++ Express 2008
Project("{8BC9CEB8-8B4A-11D0-8D11-00A0C91BC942}") = "Dr22", "Dr22\Dr22.vcproj", "{C6E63D32-AE2D-4CA6-9B4D-3BFDC2C3C037}"
EndProject
Global
	GlobalSection(SolutionConfigurationPlatforms) = preSolution
		Debug|Win32 = Debug|Win32
		Release|Win32 = Release|Win32
	EndGlobalSection
	GlobalSection(ProjectConfigurationPlatforms) = postSolution
		{C6E63D32-AE2D-4CA6-9B4D-3BFDC2C3C037}.Debug|Win32.ActiveCfg = Debug|Win32
		{C6E63D32-AE2D-4CA6-9B4D-3BFDC2C3C037}.Debug|Win32.Build.0 = Debug|Win32
		{C6E63D32-AE2D-4CA6-9B4D-3BFDC2C3C037}.Release|Win32.ActiveCfg = Release|Win32
		{C6E63D32-AE2D-4CA6-9B4D-3BFDC2C3C037}.Release|Win32.Build.0 = Release|Win32
	EndGlobalSection
	GlobalSection(SolutionProperties) = preSolution
		HideSolutionNode = FALSE
	EndGlobalSection
EndGlobal
