
Microsoft Visual Studio Solution File, Format Version 10.00
# Visual Studio 2008
Project("{8BC9CEB8-8B4A-11D0-8D11-00A0C91BC942}") = "Rei20", "Rei20\Rei20.vcproj", "{DDD85F0C-575B-46B6-BD48-B9344B59A161}"
EndProject
Global
	GlobalSection(SolutionConfigurationPlatforms) = preSolution
		Debug|Win32 = Debug|Win32
		Release|Win32 = Release|Win32
	EndGlobalSection
	GlobalSection(ProjectConfigurationPlatforms) = postSolution
		{DDD85F0C-575B-46B6-BD48-B9344B59A161}.Debug|Win32.ActiveCfg = Debug|Win32
		{DDD85F0C-575B-46B6-BD48-B9344B59A161}.Debug|Win32.Build.0 = Debug|Win32
		{DDD85F0C-575B-46B6-BD48-B9344B59A161}.Release|Win32.ActiveCfg = Release|Win32
		{DDD85F0C-575B-46B6-BD48-B9344B59A161}.Release|Win32.Build.0 = Release|Win32
	EndGlobalSection
	GlobalSection(SolutionProperties) = preSolution
		HideSolutionNode = FALSE
	EndGlobalSection
EndGlobal
