
Microsoft Visual Studio Solution File, Format Version 10.00
# Visual Studio 2008
Project("{8BC9CEB8-8B4A-11D0-8D11-00A0C91BC942}") = "Rei43", "Rei43\Rei43.vcproj", "{C0EE6411-4A7C-49B1-99DF-56F4AA2525BE}"
EndProject
Global
	GlobalSection(SolutionConfigurationPlatforms) = preSolution
		Debug|Win32 = Debug|Win32
		Release|Win32 = Release|Win32
	EndGlobalSection
	GlobalSection(ProjectConfigurationPlatforms) = postSolution
		{C0EE6411-4A7C-49B1-99DF-56F4AA2525BE}.Debug|Win32.ActiveCfg = Debug|Win32
		{C0EE6411-4A7C-49B1-99DF-56F4AA2525BE}.Debug|Win32.Build.0 = Debug|Win32
		{C0EE6411-4A7C-49B1-99DF-56F4AA2525BE}.Release|Win32.ActiveCfg = Release|Win32
		{C0EE6411-4A7C-49B1-99DF-56F4AA2525BE}.Release|Win32.Build.0 = Release|Win32
	EndGlobalSection
	GlobalSection(SolutionProperties) = preSolution
		HideSolutionNode = FALSE
	EndGlobalSection
EndGlobal
