
Microsoft Visual Studio Solution File, Format Version 10.00
# Visual C++ Express 2008
Project("{8BC9CEB8-8B4A-11D0-8D11-00A0C91BC942}") = "Dr14_1", "Dr14_1\Dr14_1.vcproj", "{46537F22-BC3C-4ED3-9A92-678D2F296DB7}"
EndProject
Global
	GlobalSection(SolutionConfigurationPlatforms) = preSolution
		Debug|Win32 = Debug|Win32
		Release|Win32 = Release|Win32
	EndGlobalSection
	GlobalSection(ProjectConfigurationPlatforms) = postSolution
		{46537F22-BC3C-4ED3-9A92-678D2F296DB7}.Debug|Win32.ActiveCfg = Debug|Win32
		{46537F22-BC3C-4ED3-9A92-678D2F296DB7}.Debug|Win32.Build.0 = Debug|Win32
		{46537F22-BC3C-4ED3-9A92-678D2F296DB7}.Release|Win32.ActiveCfg = Release|Win32
		{46537F22-BC3C-4ED3-9A92-678D2F296DB7}.Release|Win32.Build.0 = Release|Win32
	EndGlobalSection
	GlobalSection(SolutionProperties) = preSolution
		HideSolutionNode = FALSE
	EndGlobalSection
EndGlobal
