
Microsoft Visual Studio Solution File, Format Version 10.00
# Visual Studio 2008
Project("{8BC9CEB8-8B4A-11D0-8D11-00A0C91BC942}") = "Rei39", "Rei39\Rei39.vcproj", "{A9776DFF-CE50-459E-8587-5A8646976996}"
EndProject
Global
	GlobalSection(SolutionConfigurationPlatforms) = preSolution
		Debug|Win32 = Debug|Win32
		Release|Win32 = Release|Win32
	EndGlobalSection
	GlobalSection(ProjectConfigurationPlatforms) = postSolution
		{A9776DFF-CE50-459E-8587-5A8646976996}.Debug|Win32.ActiveCfg = Debug|Win32
		{A9776DFF-CE50-459E-8587-5A8646976996}.Debug|Win32.Build.0 = Debug|Win32
		{A9776DFF-CE50-459E-8587-5A8646976996}.Release|Win32.ActiveCfg = Release|Win32
		{A9776DFF-CE50-459E-8587-5A8646976996}.Release|Win32.Build.0 = Release|Win32
	EndGlobalSection
	GlobalSection(SolutionProperties) = preSolution
		HideSolutionNode = FALSE
	EndGlobalSection
EndGlobal
