
Microsoft Visual Studio Solution File, Format Version 10.00
# Visual Studio 2008
Project("{8BC9CEB8-8B4A-11D0-8D11-00A0C91BC942}") = "Rei53", "Rei53\Rei53.vcproj", "{30BBD0F9-3FF4-4704-8035-5F40654A8A47}"
EndProject
Global
	GlobalSection(SolutionConfigurationPlatforms) = preSolution
		Debug|Win32 = Debug|Win32
		Release|Win32 = Release|Win32
	EndGlobalSection
	GlobalSection(ProjectConfigurationPlatforms) = postSolution
		{30BBD0F9-3FF4-4704-8035-5F40654A8A47}.Debug|Win32.ActiveCfg = Debug|Win32
		{30BBD0F9-3FF4-4704-8035-5F40654A8A47}.Debug|Win32.Build.0 = Debug|Win32
		{30BBD0F9-3FF4-4704-8035-5F40654A8A47}.Release|Win32.ActiveCfg = Release|Win32
		{30BBD0F9-3FF4-4704-8035-5F40654A8A47}.Release|Win32.Build.0 = Release|Win32
	EndGlobalSection
	GlobalSection(SolutionProperties) = preSolution
		HideSolutionNode = FALSE
	EndGlobalSection
EndGlobal
