
Microsoft Visual Studio Solution File, Format Version 10.00
# Visual C++ Express 2008
Project("{8BC9CEB8-8B4A-11D0-8D11-00A0C91BC942}") = "Dr12", "Dr12\Dr12.vcproj", "{A4548F4E-120C-45F3-803C-FF0E1ABFADA1}"
EndProject
Global
	GlobalSection(SolutionConfigurationPlatforms) = preSolution
		Debug|Win32 = Debug|Win32
		Release|Win32 = Release|Win32
	EndGlobalSection
	GlobalSection(ProjectConfigurationPlatforms) = postSolution
		{A4548F4E-120C-45F3-803C-FF0E1ABFADA1}.Debug|Win32.ActiveCfg = Debug|Win32
		{A4548F4E-120C-45F3-803C-FF0E1ABFADA1}.Debug|Win32.Build.0 = Debug|Win32
		{A4548F4E-120C-45F3-803C-FF0E1ABFADA1}.Release|Win32.ActiveCfg = Release|Win32
		{A4548F4E-120C-45F3-803C-FF0E1ABFADA1}.Release|Win32.Build.0 = Release|Win32
	EndGlobalSection
	GlobalSection(SolutionProperties) = preSolution
		HideSolutionNode = FALSE
	EndGlobalSection
EndGlobal
