
Microsoft Visual Studio Solution File, Format Version 10.00
# Visual Studio 2008
Project("{8BC9CEB8-8B4A-11D0-8D11-00A0C91BC942}") = "Dr41", "Dr41\Dr41.vcproj", "{F40290A7-ED3C-472E-A349-E1B3F503391E}"
EndProject
Global
	GlobalSection(SolutionConfigurationPlatforms) = preSolution
		Debug|Win32 = Debug|Win32
		Release|Win32 = Release|Win32
	EndGlobalSection
	GlobalSection(ProjectConfigurationPlatforms) = postSolution
		{F40290A7-ED3C-472E-A349-E1B3F503391E}.Debug|Win32.ActiveCfg = Debug|Win32
		{F40290A7-ED3C-472E-A349-E1B3F503391E}.Debug|Win32.Build.0 = Debug|Win32
		{F40290A7-ED3C-472E-A349-E1B3F503391E}.Release|Win32.ActiveCfg = Release|Win32
		{F40290A7-ED3C-472E-A349-E1B3F503391E}.Release|Win32.Build.0 = Release|Win32
	EndGlobalSection
	GlobalSection(SolutionProperties) = preSolution
		HideSolutionNode = FALSE
	EndGlobalSection
EndGlobal
