
Microsoft Visual Studio Solution File, Format Version 10.00
# Visual Studio 2008
Project("{8BC9CEB8-8B4A-11D0-8D11-00A0C91BC942}") = "Rei58", "Rei58\Rei58.vcproj", "{D96E00AE-87AA-4C56-8F2D-0A576FC57736}"
EndProject
Global
	GlobalSection(SolutionConfigurationPlatforms) = preSolution
		Debug|Win32 = Debug|Win32
		Release|Win32 = Release|Win32
	EndGlobalSection
	GlobalSection(ProjectConfigurationPlatforms) = postSolution
		{D96E00AE-87AA-4C56-8F2D-0A576FC57736}.Debug|Win32.ActiveCfg = Debug|Win32
		{D96E00AE-87AA-4C56-8F2D-0A576FC57736}.Debug|Win32.Build.0 = Debug|Win32
		{D96E00AE-87AA-4C56-8F2D-0A576FC57736}.Release|Win32.ActiveCfg = Release|Win32
		{D96E00AE-87AA-4C56-8F2D-0A576FC57736}.Release|Win32.Build.0 = Release|Win32
	EndGlobalSection
	GlobalSection(SolutionProperties) = preSolution
		HideSolutionNode = FALSE
	EndGlobalSection
EndGlobal
