
Microsoft Visual Studio Solution File, Format Version 10.00
# Visual Studio 2008
Project("{8BC9CEB8-8B4A-11D0-8D11-00A0C91BC942}") = "Dr62_2", "Dr62_2\Dr62_2.vcproj", "{96AFF9E5-04F6-42EF-9015-5357A2E8D2A6}"
EndProject
Global
	GlobalSection(SolutionConfigurationPlatforms) = preSolution
		Debug|Win32 = Debug|Win32
		Release|Win32 = Release|Win32
	EndGlobalSection
	GlobalSection(ProjectConfigurationPlatforms) = postSolution
		{96AFF9E5-04F6-42EF-9015-5357A2E8D2A6}.Debug|Win32.ActiveCfg = Debug|Win32
		{96AFF9E5-04F6-42EF-9015-5357A2E8D2A6}.Debug|Win32.Build.0 = Debug|Win32
		{96AFF9E5-04F6-42EF-9015-5357A2E8D2A6}.Release|Win32.ActiveCfg = Release|Win32
		{96AFF9E5-04F6-42EF-9015-5357A2E8D2A6}.Release|Win32.Build.0 = Release|Win32
	EndGlobalSection
	GlobalSection(SolutionProperties) = preSolution
		HideSolutionNode = FALSE
	EndGlobalSection
EndGlobal
