
Microsoft Visual Studio Solution File, Format Version 10.00
# Visual Studio 2008
Project("{8BC9CEB8-8B4A-11D0-8D11-00A0C91BC942}") = "Dr18_1", "Dr18_1\Dr18_1.vcproj", "{5CDA0EC0-B6C9-408F-95AB-83E04A4D081F}"
EndProject
Global
	GlobalSection(SolutionConfigurationPlatforms) = preSolution
		Debug|Win32 = Debug|Win32
		Release|Win32 = Release|Win32
	EndGlobalSection
	GlobalSection(ProjectConfigurationPlatforms) = postSolution
		{5CDA0EC0-B6C9-408F-95AB-83E04A4D081F}.Debug|Win32.ActiveCfg = Debug|Win32
		{5CDA0EC0-B6C9-408F-95AB-83E04A4D081F}.Debug|Win32.Build.0 = Debug|Win32
		{5CDA0EC0-B6C9-408F-95AB-83E04A4D081F}.Release|Win32.ActiveCfg = Release|Win32
		{5CDA0EC0-B6C9-408F-95AB-83E04A4D081F}.Release|Win32.Build.0 = Release|Win32
	EndGlobalSection
	GlobalSection(SolutionProperties) = preSolution
		HideSolutionNode = FALSE
	EndGlobalSection
EndGlobal
