
Microsoft Visual Studio Solution File, Format Version 10.00
# Visual C++ Express 2008
Project("{8BC9CEB8-8B4A-11D0-8D11-00A0C91BC942}") = "Rei36", "Rei36\Rei36.vcproj", "{6B1492C0-9190-4032-ACAB-6EB96B00DFD2}"
EndProject
Global
	GlobalSection(SolutionConfigurationPlatforms) = preSolution
		Debug|Win32 = Debug|Win32
		Release|Win32 = Release|Win32
	EndGlobalSection
	GlobalSection(ProjectConfigurationPlatforms) = postSolution
		{6B1492C0-9190-4032-ACAB-6EB96B00DFD2}.Debug|Win32.ActiveCfg = Debug|Win32
		{6B1492C0-9190-4032-ACAB-6EB96B00DFD2}.Debug|Win32.Build.0 = Debug|Win32
		{6B1492C0-9190-4032-ACAB-6EB96B00DFD2}.Release|Win32.ActiveCfg = Release|Win32
		{6B1492C0-9190-4032-ACAB-6EB96B00DFD2}.Release|Win32.Build.0 = Release|Win32
	EndGlobalSection
	GlobalSection(SolutionProperties) = preSolution
		HideSolutionNode = FALSE
	EndGlobalSection
EndGlobal
