
Microsoft Visual Studio Solution File, Format Version 10.00
# Visual C++ Express 2008
Project("{8BC9CEB8-8B4A-11D0-8D11-00A0C91BC942}") = "Dr6", "Dr6\Dr6.vcproj", "{0E10440C-ED6E-40E8-9939-F6721F48C106}"
EndProject
Global
	GlobalSection(SolutionConfigurationPlatforms) = preSolution
		Debug|Win32 = Debug|Win32
		Release|Win32 = Release|Win32
	EndGlobalSection
	GlobalSection(ProjectConfigurationPlatforms) = postSolution
		{0E10440C-ED6E-40E8-9939-F6721F48C106}.Debug|Win32.ActiveCfg = Debug|Win32
		{0E10440C-ED6E-40E8-9939-F6721F48C106}.Debug|Win32.Build.0 = Debug|Win32
		{0E10440C-ED6E-40E8-9939-F6721F48C106}.Release|Win32.ActiveCfg = Release|Win32
		{0E10440C-ED6E-40E8-9939-F6721F48C106}.Release|Win32.Build.0 = Release|Win32
	EndGlobalSection
	GlobalSection(SolutionProperties) = preSolution
		HideSolutionNode = FALSE
	EndGlobalSection
EndGlobal
