
Microsoft Visual Studio Solution File, Format Version 10.00
# Visual C++ Express 2008
Project("{8BC9CEB8-8B4A-11D0-8D11-00A0C91BC942}") = "Dr9", "Dr9\Dr9.vcproj", "{909A24FC-4E07-49DB-8E82-3DBACD717F51}"
EndProject
Global
	GlobalSection(SolutionConfigurationPlatforms) = preSolution
		Debug|Win32 = Debug|Win32
		Release|Win32 = Release|Win32
	EndGlobalSection
	GlobalSection(ProjectConfigurationPlatforms) = postSolution
		{909A24FC-4E07-49DB-8E82-3DBACD717F51}.Debug|Win32.ActiveCfg = Debug|Win32
		{909A24FC-4E07-49DB-8E82-3DBACD717F51}.Debug|Win32.Build.0 = Debug|Win32
		{909A24FC-4E07-49DB-8E82-3DBACD717F51}.Release|Win32.ActiveCfg = Release|Win32
		{909A24FC-4E07-49DB-8E82-3DBACD717F51}.Release|Win32.Build.0 = Release|Win32
	EndGlobalSection
	GlobalSection(SolutionProperties) = preSolution
		HideSolutionNode = FALSE
	EndGlobalSection
EndGlobal
