
Microsoft Visual Studio Solution File, Format Version 10.00
# Visual C++ Express 2008
Project("{8BC9CEB8-8B4A-11D0-8D11-00A0C91BC942}") = "Dr1_1", "Dr1_1\Dr1_1.vcproj", "{CCFEC362-95D7-413C-A9B9-056ABF7A5033}"
EndProject
Global
	GlobalSection(SolutionConfigurationPlatforms) = preSolution
		Debug|Win32 = Debug|Win32
		Release|Win32 = Release|Win32
	EndGlobalSection
	GlobalSection(ProjectConfigurationPlatforms) = postSolution
		{CCFEC362-95D7-413C-A9B9-056ABF7A5033}.Debug|Win32.ActiveCfg = Debug|Win32
		{CCFEC362-95D7-413C-A9B9-056ABF7A5033}.Debug|Win32.Build.0 = Debug|Win32
		{CCFEC362-95D7-413C-A9B9-056ABF7A5033}.Release|Win32.ActiveCfg = Release|Win32
		{CCFEC362-95D7-413C-A9B9-056ABF7A5033}.Release|Win32.Build.0 = Release|Win32
	EndGlobalSection
	GlobalSection(SolutionProperties) = preSolution
		HideSolutionNode = FALSE
	EndGlobalSection
EndGlobal
