
Microsoft Visual Studio Solution File, Format Version 10.00
# Visual Studio 2008
Project("{8BC9CEB8-8B4A-11D0-8D11-00A0C91BC942}") = "Dr39", "Dr39\Dr39.vcproj", "{F402C2F4-C765-402F-A206-4750E69012AE}"
EndProject
Global
	GlobalSection(SolutionConfigurationPlatforms) = preSolution
		Debug|Win32 = Debug|Win32
		Release|Win32 = Release|Win32
	EndGlobalSection
	GlobalSection(ProjectConfigurationPlatforms) = postSolution
		{F402C2F4-C765-402F-A206-4750E69012AE}.Debug|Win32.ActiveCfg = Debug|Win32
		{F402C2F4-C765-402F-A206-4750E69012AE}.Debug|Win32.Build.0 = Debug|Win32
		{F402C2F4-C765-402F-A206-4750E69012AE}.Release|Win32.ActiveCfg = Release|Win32
		{F402C2F4-C765-402F-A206-4750E69012AE}.Release|Win32.Build.0 = Release|Win32
	EndGlobalSection
	GlobalSection(SolutionProperties) = preSolution
		HideSolutionNode = FALSE
	EndGlobalSection
EndGlobal
