
Microsoft Visual Studio Solution File, Format Version 10.00
# Visual Studio 2008
Project("{8BC9CEB8-8B4A-11D0-8D11-00A0C91BC942}") = "Dr20_3", "Dr20_3\Dr20_3.vcproj", "{D394A9F6-E781-4C82-8EDF-7EDC7FC6F021}"
EndProject
Global
	GlobalSection(SolutionConfigurationPlatforms) = preSolution
		Debug|Win32 = Debug|Win32
		Release|Win32 = Release|Win32
	EndGlobalSection
	GlobalSection(ProjectConfigurationPlatforms) = postSolution
		{D394A9F6-E781-4C82-8EDF-7EDC7FC6F021}.Debug|Win32.ActiveCfg = Debug|Win32
		{D394A9F6-E781-4C82-8EDF-7EDC7FC6F021}.Debug|Win32.Build.0 = Debug|Win32
		{D394A9F6-E781-4C82-8EDF-7EDC7FC6F021}.Release|Win32.ActiveCfg = Release|Win32
		{D394A9F6-E781-4C82-8EDF-7EDC7FC6F021}.Release|Win32.Build.0 = Release|Win32
	EndGlobalSection
	GlobalSection(SolutionProperties) = preSolution
		HideSolutionNode = FALSE
	EndGlobalSection
EndGlobal
