
Microsoft Visual Studio Solution File, Format Version 10.00
# Visual Studio 2008
Project("{8BC9CEB8-8B4A-11D0-8D11-00A0C91BC942}") = "Dr30_1", "Dr30_1\Dr30_1.vcproj", "{88C4EDE5-7A81-4335-9C05-97B04C27EA51}"
EndProject
Global
	GlobalSection(SolutionConfigurationPlatforms) = preSolution
		Debug|Win32 = Debug|Win32
		Release|Win32 = Release|Win32
	EndGlobalSection
	GlobalSection(ProjectConfigurationPlatforms) = postSolution
		{88C4EDE5-7A81-4335-9C05-97B04C27EA51}.Debug|Win32.ActiveCfg = Debug|Win32
		{88C4EDE5-7A81-4335-9C05-97B04C27EA51}.Debug|Win32.Build.0 = Debug|Win32
		{88C4EDE5-7A81-4335-9C05-97B04C27EA51}.Release|Win32.ActiveCfg = Release|Win32
		{88C4EDE5-7A81-4335-9C05-97B04C27EA51}.Release|Win32.Build.0 = Release|Win32
	EndGlobalSection
	GlobalSection(SolutionProperties) = preSolution
		HideSolutionNode = FALSE
	EndGlobalSection
EndGlobal
