
Microsoft Visual Studio Solution File, Format Version 10.00
# Visual Studio 2008
Project("{8BC9CEB8-8B4A-11D0-8D11-00A0C91BC942}") = "Dr20_1", "Dr20_1\Dr20_1.vcproj", "{ED219EDE-06AA-4C43-9814-9795D4AC4D62}"
EndProject
Global
	GlobalSection(SolutionConfigurationPlatforms) = preSolution
		Debug|Win32 = Debug|Win32
		Release|Win32 = Release|Win32
	EndGlobalSection
	GlobalSection(ProjectConfigurationPlatforms) = postSolution
		{ED219EDE-06AA-4C43-9814-9795D4AC4D62}.Debug|Win32.ActiveCfg = Debug|Win32
		{ED219EDE-06AA-4C43-9814-9795D4AC4D62}.Debug|Win32.Build.0 = Debug|Win32
		{ED219EDE-06AA-4C43-9814-9795D4AC4D62}.Release|Win32.ActiveCfg = Release|Win32
		{ED219EDE-06AA-4C43-9814-9795D4AC4D62}.Release|Win32.Build.0 = Release|Win32
	EndGlobalSection
	GlobalSection(SolutionProperties) = preSolution
		HideSolutionNode = FALSE
	EndGlobalSection
EndGlobal
