
Microsoft Visual Studio Solution File, Format Version 10.00
# Visual Studio 2008
Project("{8BC9CEB8-8B4A-11D0-8D11-00A0C91BC942}") = "Dr57", "Dr57\Dr57.vcproj", "{CE1099B2-A7F4-4A39-AACB-1629D66A24C8}"
EndProject
Global
	GlobalSection(SolutionConfigurationPlatforms) = preSolution
		Debug|Win32 = Debug|Win32
		Release|Win32 = Release|Win32
	EndGlobalSection
	GlobalSection(ProjectConfigurationPlatforms) = postSolution
		{CE1099B2-A7F4-4A39-AACB-1629D66A24C8}.Debug|Win32.ActiveCfg = Debug|Win32
		{CE1099B2-A7F4-4A39-AACB-1629D66A24C8}.Debug|Win32.Build.0 = Debug|Win32
		{CE1099B2-A7F4-4A39-AACB-1629D66A24C8}.Release|Win32.ActiveCfg = Release|Win32
		{CE1099B2-A7F4-4A39-AACB-1629D66A24C8}.Release|Win32.Build.0 = Release|Win32
	EndGlobalSection
	GlobalSection(SolutionProperties) = preSolution
		HideSolutionNode = FALSE
	EndGlobalSection
EndGlobal
