
Microsoft Visual Studio Solution File, Format Version 10.00
# Visual C++ Express 2008
Project("{8BC9CEB8-8B4A-11D0-8D11-00A0C91BC942}") = "Rei43", "Rei43\Rei43.vcproj", "{369B1C01-CB22-4FE8-BFCC-C3AC774D7350}"
EndProject
Global
	GlobalSection(SolutionConfigurationPlatforms) = preSolution
		Debug|Win32 = Debug|Win32
		Release|Win32 = Release|Win32
	EndGlobalSection
	GlobalSection(ProjectConfigurationPlatforms) = postSolution
		{369B1C01-CB22-4FE8-BFCC-C3AC774D7350}.Debug|Win32.ActiveCfg = Debug|Win32
		{369B1C01-CB22-4FE8-BFCC-C3AC774D7350}.Debug|Win32.Build.0 = Debug|Win32
		{369B1C01-CB22-4FE8-BFCC-C3AC774D7350}.Release|Win32.ActiveCfg = Release|Win32
		{369B1C01-CB22-4FE8-BFCC-C3AC774D7350}.Release|Win32.Build.0 = Release|Win32
	EndGlobalSection
	GlobalSection(SolutionProperties) = preSolution
		HideSolutionNode = FALSE
	EndGlobalSection
EndGlobal
