
Microsoft Visual Studio Solution File, Format Version 10.00
# Visual Studio 2008
Project("{8BC9CEB8-8B4A-11D0-8D11-00A0C91BC942}") = "Dr48_1", "Dr48_1\Dr48_1.vcproj", "{413D1E32-81AD-469B-AC58-6107B3EC6194}"
EndProject
Global
	GlobalSection(SolutionConfigurationPlatforms) = preSolution
		Debug|Win32 = Debug|Win32
		Release|Win32 = Release|Win32
	EndGlobalSection
	GlobalSection(ProjectConfigurationPlatforms) = postSolution
		{413D1E32-81AD-469B-AC58-6107B3EC6194}.Debug|Win32.ActiveCfg = Debug|Win32
		{413D1E32-81AD-469B-AC58-6107B3EC6194}.Debug|Win32.Build.0 = Debug|Win32
		{413D1E32-81AD-469B-AC58-6107B3EC6194}.Release|Win32.ActiveCfg = Release|Win32
		{413D1E32-81AD-469B-AC58-6107B3EC6194}.Release|Win32.Build.0 = Release|Win32
	EndGlobalSection
	GlobalSection(SolutionProperties) = preSolution
		HideSolutionNode = FALSE
	EndGlobalSection
EndGlobal
