
Microsoft Visual Studio Solution File, Format Version 10.00
# Visual Studio 2008
Project("{8BC9CEB8-8B4A-11D0-8D11-00A0C91BC942}") = "Dr23", "Dr23\Dr23.vcproj", "{6BBC6E6C-5450-4067-BB47-A85F7C6C3270}"
EndProject
Global
	GlobalSection(SolutionConfigurationPlatforms) = preSolution
		Debug|Win32 = Debug|Win32
		Release|Win32 = Release|Win32
	EndGlobalSection
	GlobalSection(ProjectConfigurationPlatforms) = postSolution
		{6BBC6E6C-5450-4067-BB47-A85F7C6C3270}.Debug|Win32.ActiveCfg = Debug|Win32
		{6BBC6E6C-5450-4067-BB47-A85F7C6C3270}.Debug|Win32.Build.0 = Debug|Win32
		{6BBC6E6C-5450-4067-BB47-A85F7C6C3270}.Release|Win32.ActiveCfg = Release|Win32
		{6BBC6E6C-5450-4067-BB47-A85F7C6C3270}.Release|Win32.Build.0 = Release|Win32
	EndGlobalSection
	GlobalSection(SolutionProperties) = preSolution
		HideSolutionNode = FALSE
	EndGlobalSection
EndGlobal
