
Microsoft Visual Studio Solution File, Format Version 10.00
# Visual Studio 2008
Project("{8BC9CEB8-8B4A-11D0-8D11-00A0C91BC942}") = "Dr1_2Label", "Dr1_2Label\Dr1_2Label.vcproj", "{E656D4C6-6200-4199-8D3C-DACA5D1DD626}"
EndProject
Global
	GlobalSection(SolutionConfigurationPlatforms) = preSolution
		Debug|Win32 = Debug|Win32
		Release|Win32 = Release|Win32
	EndGlobalSection
	GlobalSection(ProjectConfigurationPlatforms) = postSolution
		{E656D4C6-6200-4199-8D3C-DACA5D1DD626}.Debug|Win32.ActiveCfg = Debug|Win32
		{E656D4C6-6200-4199-8D3C-DACA5D1DD626}.Debug|Win32.Build.0 = Debug|Win32
		{E656D4C6-6200-4199-8D3C-DACA5D1DD626}.Release|Win32.ActiveCfg = Release|Win32
		{E656D4C6-6200-4199-8D3C-DACA5D1DD626}.Release|Win32.Build.0 = Release|Win32
	EndGlobalSection
	GlobalSection(SolutionProperties) = preSolution
		HideSolutionNode = FALSE
	EndGlobalSection
EndGlobal
