
Microsoft Visual Studio Solution File, Format Version 10.00
# Visual Studio 2008
Project("{8BC9CEB8-8B4A-11D0-8D11-00A0C91BC942}") = "Dr37", "Dr37\Dr37.vcproj", "{683A6DEC-5B91-44AC-AC61-CA2879BD59CA}"
EndProject
Global
	GlobalSection(SolutionConfigurationPlatforms) = preSolution
		Debug|Win32 = Debug|Win32
		Release|Win32 = Release|Win32
	EndGlobalSection
	GlobalSection(ProjectConfigurationPlatforms) = postSolution
		{683A6DEC-5B91-44AC-AC61-CA2879BD59CA}.Debug|Win32.ActiveCfg = Debug|Win32
		{683A6DEC-5B91-44AC-AC61-CA2879BD59CA}.Debug|Win32.Build.0 = Debug|Win32
		{683A6DEC-5B91-44AC-AC61-CA2879BD59CA}.Release|Win32.ActiveCfg = Release|Win32
		{683A6DEC-5B91-44AC-AC61-CA2879BD59CA}.Release|Win32.Build.0 = Release|Win32
	EndGlobalSection
	GlobalSection(SolutionProperties) = preSolution
		HideSolutionNode = FALSE
	EndGlobalSection
EndGlobal
