
Microsoft Visual Studio Solution File, Format Version 10.00
# Visual Studio 2008
Project("{8BC9CEB8-8B4A-11D0-8D11-00A0C91BC942}") = "Rei1", "Rei1\Rei1.vcproj", "{E7696803-EAE1-4E05-AE2F-CCA23DCE9E2E}"
EndProject
Global
	GlobalSection(SolutionConfigurationPlatforms) = preSolution
		Debug|Win32 = Debug|Win32
		Release|Win32 = Release|Win32
	EndGlobalSection
	GlobalSection(ProjectConfigurationPlatforms) = postSolution
		{E7696803-EAE1-4E05-AE2F-CCA23DCE9E2E}.Debug|Win32.ActiveCfg = Debug|Win32
		{E7696803-EAE1-4E05-AE2F-CCA23DCE9E2E}.Debug|Win32.Build.0 = Debug|Win32
		{E7696803-EAE1-4E05-AE2F-CCA23DCE9E2E}.Release|Win32.ActiveCfg = Release|Win32
		{E7696803-EAE1-4E05-AE2F-CCA23DCE9E2E}.Release|Win32.Build.0 = Release|Win32
	EndGlobalSection
	GlobalSection(SolutionProperties) = preSolution
		HideSolutionNode = FALSE
	EndGlobalSection
EndGlobal
