
Microsoft Visual Studio Solution File, Format Version 10.00
# Visual Studio 2008
Project("{8BC9CEB8-8B4A-11D0-8D11-00A0C91BC942}") = "Rei4", "Rei4\Rei4.vcproj", "{28D44FA8-DA76-4CAE-BFD7-487AAC281076}"
EndProject
Global
	GlobalSection(SolutionConfigurationPlatforms) = preSolution
		Debug|Win32 = Debug|Win32
		Release|Win32 = Release|Win32
	EndGlobalSection
	GlobalSection(ProjectConfigurationPlatforms) = postSolution
		{28D44FA8-DA76-4CAE-BFD7-487AAC281076}.Debug|Win32.ActiveCfg = Debug|Win32
		{28D44FA8-DA76-4CAE-BFD7-487AAC281076}.Debug|Win32.Build.0 = Debug|Win32
		{28D44FA8-DA76-4CAE-BFD7-487AAC281076}.Release|Win32.ActiveCfg = Release|Win32
		{28D44FA8-DA76-4CAE-BFD7-487AAC281076}.Release|Win32.Build.0 = Release|Win32
	EndGlobalSection
	GlobalSection(SolutionProperties) = preSolution
		HideSolutionNode = FALSE
	EndGlobalSection
EndGlobal
